
Microsoft Visual Studio Solution File, Format Version 12.00
# Visual Studio Version 17
VisualStudioVersion = 17.5.33627.172
MinimumVisualStudioVersion = 10.0.40219.1
Project("{FAE04EC0-301F-11D3-BF4B-00C04F79EFBC}") = "MedidoresWEB", "MedidoresWEB\MedidoresWEB.csproj", "{025F296E-E0C2-4B8C-BAF5-8C5FF6F71AFB}"
EndProject
Project("{FAE04EC0-301F-11D3-BF4B-00C04F79EFBC}") = "MedidoresModel", "MedidoresModel\MedidoresModel.csproj", "{B3F82064-728A-48B0-A6E1-F364ED4168C5}"
EndProject
Global
	GlobalSection(SolutionConfigurationPlatforms) = preSolution
		Debug|Any CPU = Debug|Any CPU
		Release|Any CPU = Release|Any CPU
	EndGlobalSection
	GlobalSection(ProjectConfigurationPlatforms) = postSolution
		{025F296E-E0C2-4B8C-BAF5-8C5FF6F71AFB}.Debug|Any CPU.ActiveCfg = Debug|Any CPU
		{025F296E-E0C2-4B8C-BAF5-8C5FF6F71AFB}.Debug|Any CPU.Build.0 = Debug|Any CPU
		{025F296E-E0C2-4B8C-BAF5-8C5FF6F71AFB}.Release|Any CPU.ActiveCfg = Release|Any CPU
		{025F296E-E0C2-4B8C-BAF5-8C5FF6F71AFB}.Release|Any CPU.Build.0 = Release|Any CPU
		{B3F82064-728A-48B0-A6E1-F364ED4168C5}.Debug|Any CPU.ActiveCfg = Debug|Any CPU
		{B3F82064-728A-48B0-A6E1-F364ED4168C5}.Debug|Any CPU.Build.0 = Debug|Any CPU
		{B3F82064-728A-48B0-A6E1-F364ED4168C5}.Release|Any CPU.ActiveCfg = Release|Any CPU
		{B3F82064-728A-48B0-A6E1-F364ED4168C5}.Release|Any CPU.Build.0 = Release|Any CPU
	EndGlobalSection
	GlobalSection(SolutionProperties) = preSolution
		HideSolutionNode = FALSE
	EndGlobalSection
	GlobalSection(ExtensibilityGlobals) = postSolution
		SolutionGuid = {0582C70E-1D3E-4263-89E5-B2207F1CB12F}
	EndGlobalSection
EndGlobal
